// !$*UTF8*$!
{
	archiveVersion = 1;
	classes = {
	};
	objectVersion = 56;
	objects = {

/* Begin PBXBuildFile section */
		E865BD062B51569800B886A2 /* Production.plist in Resources */ = {isa = PBXBuildFile; fileRef = E865BD052B51569800B886A2 /* Production.plist */; };
		E865BD082B5156AB00B886A2 /* Development.plist in Resources */ = {isa = PBXBuildFile; fileRef = E865BD072B5156AB00B886A2 /* Development.plist */; };
		E865BD0B2B515A1B00B886A2 /* QRGeneratorModel.swift in Sources */ = {isa = PBXBuildFile; fileRef = E865BD0A2B515A1B00B886A2 /* QRGeneratorModel.swift */; };
		E865BD0C2B515A1B00B886A2 /* QRGeneratorModel.swift in Sources */ = {isa = PBXBuildFile; fileRef = E865BD0A2B515A1B00B886A2 /* QRGeneratorModel.swift */; };
		E865BD0D2B515A1B00B886A2 /* QRGeneratorModel.swift in Sources */ = {isa = PBXBuildFile; fileRef = E865BD0A2B515A1B00B886A2 /* QRGeneratorModel.swift */; };
		E865BD0F2B515A7200B886A2 /* QRGeneratorViewModel.swift in Sources */ = {isa = PBXBuildFile; fileRef = E865BD0E2B515A7200B886A2 /* QRGeneratorViewModel.swift */; };
		E865BD102B515A7200B886A2 /* QRGeneratorViewModel.swift in Sources */ = {isa = PBXBuildFile; fileRef = E865BD0E2B515A7200B886A2 /* QRGeneratorViewModel.swift */; };
		E865BD112B515A7200B886A2 /* QRGeneratorViewModel.swift in Sources */ = {isa = PBXBuildFile; fileRef = E865BD0E2B515A7200B886A2 /* QRGeneratorViewModel.swift */; };
		E865BD172B515B1100B886A2 /* QRGeneratorView.swift in Sources */ = {isa = PBXBuildFile; fileRef = E865BD162B515B1100B886A2 /* QRGeneratorView.swift */; };
		E865BD182B515B1100B886A2 /* QRGeneratorView.swift in Sources */ = {isa = PBXBuildFile; fileRef = E865BD162B515B1100B886A2 /* QRGeneratorView.swift */; };
		E865BD192B515B1100B886A2 /* QRGeneratorView.swift in Sources */ = {isa = PBXBuildFile; fileRef = E865BD162B515B1100B886A2 /* QRGeneratorView.swift */; };
		E865BD242B515BEB00B886A2 /* UserProfileView.swift in Sources */ = {isa = PBXBuildFile; fileRef = E865BD232B515BEB00B886A2 /* UserProfileView.swift */; };
		E865BD252B515BEB00B886A2 /* UserProfileView.swift in Sources */ = {isa = PBXBuildFile; fileRef = E865BD232B515BEB00B886A2 /* UserProfileView.swift */; };
		E865BD262B515BEB00B886A2 /* UserProfileView.swift in Sources */ = {isa = PBXBuildFile; fileRef = E865BD232B515BEB00B886A2 /* UserProfileView.swift */; };
		E865BD282B515C0000B886A2 /* UserProfileModel.swift in Sources */ = {isa = PBXBuildFile; fileRef = E865BD272B515C0000B886A2 /* UserProfileModel.swift */; };
		E865BD292B515C0000B886A2 /* UserProfileModel.swift in Sources */ = {isa = PBXBuildFile; fileRef = E865BD272B515C0000B886A2 /* UserProfileModel.swift */; };
		E865BD2A2B515C0000B886A2 /* UserProfileModel.swift in Sources */ = {isa = PBXBuildFile; fileRef = E865BD272B515C0000B886A2 /* UserProfileModel.swift */; };
		E865BD2C2B515C1600B886A2 /* UserProfileViewModel.swift in Sources */ = {isa = PBXBuildFile; fileRef = E865BD2B2B515C1600B886A2 /* UserProfileViewModel.swift */; };
		E865BD2D2B515C1600B886A2 /* UserProfileViewModel.swift in Sources */ = {isa = PBXBuildFile; fileRef = E865BD2B2B515C1600B886A2 /* UserProfileViewModel.swift */; };
		E865BD2E2B515C1600B886A2 /* UserProfileViewModel.swift in Sources */ = {isa = PBXBuildFile; fileRef = E865BD2B2B515C1600B886A2 /* UserProfileViewModel.swift */; };
		E865BD342B515D3E00B886A2 /* AnalyticsModel.swift in Sources */ = {isa = PBXBuildFile; fileRef = E865BD332B515D3E00B886A2 /* AnalyticsModel.swift */; };
		E865BD352B515D3E00B886A2 /* AnalyticsModel.swift in Sources */ = {isa = PBXBuildFile; fileRef = E865BD332B515D3E00B886A2 /* AnalyticsModel.swift */; };
		E865BD362B515D3E00B886A2 /* AnalyticsModel.swift in Sources */ = {isa = PBXBuildFile; fileRef = E865BD332B515D3E00B886A2 /* AnalyticsModel.swift */; };
		E865BD382B515D4E00B886A2 /* AnalyticsViewModel.swift in Sources */ = {isa = PBXBuildFile; fileRef = E865BD372B515D4E00B886A2 /* AnalyticsViewModel.swift */; };
		E865BD392B515D4E00B886A2 /* AnalyticsViewModel.swift in Sources */ = {isa = PBXBuildFile; fileRef = E865BD372B515D4E00B886A2 /* AnalyticsViewModel.swift */; };
		E865BD3A2B515D4E00B886A2 /* AnalyticsViewModel.swift in Sources */ = {isa = PBXBuildFile; fileRef = E865BD372B515D4E00B886A2 /* AnalyticsViewModel.swift */; };
		E865BD3C2B515D7400B886A2 /* AnalyticsView.swift in Sources */ = {isa = PBXBuildFile; fileRef = E865BD3B2B515D7400B886A2 /* AnalyticsView.swift */; };
		E865BD3D2B515D7400B886A2 /* AnalyticsView.swift in Sources */ = {isa = PBXBuildFile; fileRef = E865BD3B2B515D7400B886A2 /* AnalyticsView.swift */; };
		E865BD3E2B515D7400B886A2 /* AnalyticsView.swift in Sources */ = {isa = PBXBuildFile; fileRef = E865BD3B2B515D7400B886A2 /* AnalyticsView.swift */; };
		E865BD442B515E0A00B886A2 /* HomePageModel.swift in Sources */ = {isa = PBXBuildFile; fileRef = E865BD432B515E0A00B886A2 /* HomePageModel.swift */; };
		E865BD452B515E0A00B886A2 /* HomePageModel.swift in Sources */ = {isa = PBXBuildFile; fileRef = E865BD432B515E0A00B886A2 /* HomePageModel.swift */; };
		E865BD462B515E0A00B886A2 /* HomePageModel.swift in Sources */ = {isa = PBXBuildFile; fileRef = E865BD432B515E0A00B886A2 /* HomePageModel.swift */; };
		E865BD482B515E1D00B886A2 /* HomePageView.swift in Sources */ = {isa = PBXBuildFile; fileRef = E865BD472B515E1D00B886A2 /* HomePageView.swift */; };
		E865BD492B515E1D00B886A2 /* HomePageView.swift in Sources */ = {isa = PBXBuildFile; fileRef = E865BD472B515E1D00B886A2 /* HomePageView.swift */; };
		E865BD4A2B515E1D00B886A2 /* HomePageView.swift in Sources */ = {isa = PBXBuildFile; fileRef = E865BD472B515E1D00B886A2 /* HomePageView.swift */; };
		E865BD4C2B515E2D00B886A2 /* HomePageViewModel.swift in Sources */ = {isa = PBXBuildFile; fileRef = E865BD4B2B515E2D00B886A2 /* HomePageViewModel.swift */; };
		E865BD4D2B515E2D00B886A2 /* HomePageViewModel.swift in Sources */ = {isa = PBXBuildFile; fileRef = E865BD4B2B515E2D00B886A2 /* HomePageViewModel.swift */; };
		E865BD4E2B515E2D00B886A2 /* HomePageViewModel.swift in Sources */ = {isa = PBXBuildFile; fileRef = E865BD4B2B515E2D00B886A2 /* HomePageViewModel.swift */; };
		E865BD592B51729E00B886A2 /* HistoryModel.swift in Sources */ = {isa = PBXBuildFile; fileRef = E865BD582B51729E00B886A2 /* HistoryModel.swift */; };
		E865BD5A2B51729E00B886A2 /* HistoryModel.swift in Sources */ = {isa = PBXBuildFile; fileRef = E865BD582B51729E00B886A2 /* HistoryModel.swift */; };
		E865BD5B2B51729E00B886A2 /* HistoryModel.swift in Sources */ = {isa = PBXBuildFile; fileRef = E865BD582B51729E00B886A2 /* HistoryModel.swift */; };
		E865BD5D2B51736D00B886A2 /* HistoryView.swift in Sources */ = {isa = PBXBuildFile; fileRef = E865BD5C2B51736D00B886A2 /* HistoryView.swift */; };
		E865BD5E2B51736D00B886A2 /* HistoryView.swift in Sources */ = {isa = PBXBuildFile; fileRef = E865BD5C2B51736D00B886A2 /* HistoryView.swift */; };
		E865BD5F2B51736D00B886A2 /* HistoryView.swift in Sources */ = {isa = PBXBuildFile; fileRef = E865BD5C2B51736D00B886A2 /* HistoryView.swift */; };
		E865BD612B51739700B886A2 /* HistoryViewModel.swift in Sources */ = {isa = PBXBuildFile; fileRef = E865BD602B51739700B886A2 /* HistoryViewModel.swift */; };
		E865BD622B51739700B886A2 /* HistoryViewModel.swift in Sources */ = {isa = PBXBuildFile; fileRef = E865BD602B51739700B886A2 /* HistoryViewModel.swift */; };
		E865BD632B51739700B886A2 /* HistoryViewModel.swift in Sources */ = {isa = PBXBuildFile; fileRef = E865BD602B51739700B886A2 /* HistoryViewModel.swift */; };
		E865BD692B5197B200B886A2 /* .gitignore in Resources */ = {isa = PBXBuildFile; fileRef = E865BD682B5197B200B886A2 /* .gitignore */; };
		E865BD6D2B519B9800B886A2 /* NetworkManager.swift in Sources */ = {isa = PBXBuildFile; fileRef = E865BD6C2B519B9800B886A2 /* NetworkManager.swift */; };
		E865BD6F2B51A93200B886A2 /* QRGeneratorDataView.swift in Sources */ = {isa = PBXBuildFile; fileRef = E865BD6E2B51A93200B886A2 /* QRGeneratorDataView.swift */; };
		E865BD702B51A93200B886A2 /* QRGeneratorDataView.swift in Sources */ = {isa = PBXBuildFile; fileRef = E865BD6E2B51A93200B886A2 /* QRGeneratorDataView.swift */; };
		E865BD712B51A93200B886A2 /* QRGeneratorDataView.swift in Sources */ = {isa = PBXBuildFile; fileRef = E865BD6E2B51A93200B886A2 /* QRGeneratorDataView.swift */; };
		E865BD732B51A94A00B886A2 /* QRGeneratorPromptView.swift in Sources */ = {isa = PBXBuildFile; fileRef = E865BD722B51A94A00B886A2 /* QRGeneratorPromptView.swift */; };
		E865BD742B51A94A00B886A2 /* QRGeneratorPromptView.swift in Sources */ = {isa = PBXBuildFile; fileRef = E865BD722B51A94A00B886A2 /* QRGeneratorPromptView.swift */; };
		E865BD752B51A94A00B886A2 /* QRGeneratorPromptView.swift in Sources */ = {isa = PBXBuildFile; fileRef = E865BD722B51A94A00B886A2 /* QRGeneratorPromptView.swift */; };
		E865BD772B51A96E00B886A2 /* OutputView.swift in Sources */ = {isa = PBXBuildFile; fileRef = E865BD762B51A96E00B886A2 /* OutputView.swift */; };
		E865BD782B51A96E00B886A2 /* OutputView.swift in Sources */ = {isa = PBXBuildFile; fileRef = E865BD762B51A96E00B886A2 /* OutputView.swift */; };
		E865BD792B51A96E00B886A2 /* OutputView.swift in Sources */ = {isa = PBXBuildFile; fileRef = E865BD762B51A96E00B886A2 /* OutputView.swift */; };
		E865BD802B527C0D00B886A2 /* AnalyticsCell.swift in Sources */ = {isa = PBXBuildFile; fileRef = E865BD7F2B527C0D00B886A2 /* AnalyticsCell.swift */; };
		E865BD812B527C0D00B886A2 /* AnalyticsCell.swift in Sources */ = {isa = PBXBuildFile; fileRef = E865BD7F2B527C0D00B886A2 /* AnalyticsCell.swift */; };
		E865BD822B527C0D00B886A2 /* AnalyticsCell.swift in Sources */ = {isa = PBXBuildFile; fileRef = E865BD7F2B527C0D00B886A2 /* AnalyticsCell.swift */; };
		E8881B1B2B5152C20002B434 /* AppDelegate.swift in Sources */ = {isa = PBXBuildFile; fileRef = E8881B1A2B5152C20002B434 /* AppDelegate.swift */; };
		E8881B1D2B5152C20002B434 /* SceneDelegate.swift in Sources */ = {isa = PBXBuildFile; fileRef = E8881B1C2B5152C20002B434 /* SceneDelegate.swift */; };
		E8881B1F2B5152C20002B434 /* RootViewController.swift in Sources */ = {isa = PBXBuildFile; fileRef = E8881B1E2B5152C20002B434 /* RootViewController.swift */; };
		E8881B222B5152C20002B434 /* Main.storyboard in Resources */ = {isa = PBXBuildFile; fileRef = E8881B202B5152C20002B434 /* Main.storyboard */; };
		E8881B242B5152C30002B434 /* Assets.xcassets in Resources */ = {isa = PBXBuildFile; fileRef = E8881B232B5152C30002B434 /* Assets.xcassets */; };
		E8881B272B5152C30002B434 /* LaunchScreen.storyboard in Resources */ = {isa = PBXBuildFile; fileRef = E8881B252B5152C30002B434 /* LaunchScreen.storyboard */; };
		E8881B322B5152C30002B434 /* Magic_QRTests.swift in Sources */ = {isa = PBXBuildFile; fileRef = E8881B312B5152C30002B434 /* Magic_QRTests.swift */; };
		E8881B3C2B5152C30002B434 /* Magic_QRUITests.swift in Sources */ = {isa = PBXBuildFile; fileRef = E8881B3B2B5152C30002B434 /* Magic_QRUITests.swift */; };
		E8881B3E2B5152C30002B434 /* Magic_QRUITestsLaunchTests.swift in Sources */ = {isa = PBXBuildFile; fileRef = E8881B3D2B5152C30002B434 /* Magic_QRUITestsLaunchTests.swift */; };
/* End PBXBuildFile section */

/* Begin PBXContainerItemProxy section */
		E8881B2E2B5152C30002B434 /* PBXContainerItemProxy */ = {
			isa = PBXContainerItemProxy;
			containerPortal = E8881B0F2B5152C20002B434 /* Project object */;
			proxyType = 1;
			remoteGlobalIDString = E8881B162B5152C20002B434;
			remoteInfo = "Magic QR";
		};
		E8881B382B5152C30002B434 /* PBXContainerItemProxy */ = {
			isa = PBXContainerItemProxy;
			containerPortal = E8881B0F2B5152C20002B434 /* Project object */;
			proxyType = 1;
			remoteGlobalIDString = E8881B162B5152C20002B434;
			remoteInfo = "Magic QR";
		};
/* End PBXContainerItemProxy section */

/* Begin PBXFileReference section */
		E865BD052B51569800B886A2 /* Production.plist */ = {isa = PBXFileReference; lastKnownFileType = text.plist.xml; path = Production.plist; sourceTree = "<group>"; };
		E865BD072B5156AB00B886A2 /* Development.plist */ = {isa = PBXFileReference; lastKnownFileType = text.plist.xml; path = Development.plist; sourceTree = "<group>"; };
		E865BD0A2B515A1B00B886A2 /* QRGeneratorModel.swift */ = {isa = PBXFileReference; lastKnownFileType = sourcecode.swift; path = QRGeneratorModel.swift; sourceTree = "<group>"; };
		E865BD0E2B515A7200B886A2 /* QRGeneratorViewModel.swift */ = {isa = PBXFileReference; lastKnownFileType = sourcecode.swift; path = QRGeneratorViewModel.swift; sourceTree = "<group>"; };
		E865BD162B515B1100B886A2 /* QRGeneratorView.swift */ = {isa = PBXFileReference; lastKnownFileType = sourcecode.swift; path = QRGeneratorView.swift; sourceTree = "<group>"; };
		E865BD232B515BEB00B886A2 /* UserProfileView.swift */ = {isa = PBXFileReference; lastKnownFileType = sourcecode.swift; path = UserProfileView.swift; sourceTree = "<group>"; };
		E865BD272B515C0000B886A2 /* UserProfileModel.swift */ = {isa = PBXFileReference; lastKnownFileType = sourcecode.swift; path = UserProfileModel.swift; sourceTree = "<group>"; };
		E865BD2B2B515C1600B886A2 /* UserProfileViewModel.swift */ = {isa = PBXFileReference; lastKnownFileType = sourcecode.swift; path = UserProfileViewModel.swift; sourceTree = "<group>"; };
		E865BD332B515D3E00B886A2 /* AnalyticsModel.swift */ = {isa = PBXFileReference; lastKnownFileType = sourcecode.swift; path = AnalyticsModel.swift; sourceTree = "<group>"; };
		E865BD372B515D4E00B886A2 /* AnalyticsViewModel.swift */ = {isa = PBXFileReference; lastKnownFileType = sourcecode.swift; path = AnalyticsViewModel.swift; sourceTree = "<group>"; };
		E865BD3B2B515D7400B886A2 /* AnalyticsView.swift */ = {isa = PBXFileReference; lastKnownFileType = sourcecode.swift; path = AnalyticsView.swift; sourceTree = "<group>"; };
		E865BD432B515E0A00B886A2 /* HomePageModel.swift */ = {isa = PBXFileReference; lastKnownFileType = sourcecode.swift; path = HomePageModel.swift; sourceTree = "<group>"; };
		E865BD472B515E1D00B886A2 /* HomePageView.swift */ = {isa = PBXFileReference; lastKnownFileType = sourcecode.swift; path = HomePageView.swift; sourceTree = "<group>"; };
		E865BD4B2B515E2D00B886A2 /* HomePageViewModel.swift */ = {isa = PBXFileReference; lastKnownFileType = sourcecode.swift; path = HomePageViewModel.swift; sourceTree = "<group>"; };
		E865BD582B51729E00B886A2 /* HistoryModel.swift */ = {isa = PBXFileReference; lastKnownFileType = sourcecode.swift; path = HistoryModel.swift; sourceTree = "<group>"; };
		E865BD5C2B51736D00B886A2 /* HistoryView.swift */ = {isa = PBXFileReference; lastKnownFileType = sourcecode.swift; path = HistoryView.swift; sourceTree = "<group>"; };
		E865BD602B51739700B886A2 /* HistoryViewModel.swift */ = {isa = PBXFileReference; lastKnownFileType = sourcecode.swift; path = HistoryViewModel.swift; sourceTree = "<group>"; };
		E865BD682B5197B200B886A2 /* .gitignore */ = {isa = PBXFileReference; lastKnownFileType = text; path = .gitignore; sourceTree = "<group>"; };
		E865BD6C2B519B9800B886A2 /* NetworkManager.swift */ = {isa = PBXFileReference; lastKnownFileType = sourcecode.swift; path = NetworkManager.swift; sourceTree = "<group>"; };
		E865BD6E2B51A93200B886A2 /* QRGeneratorDataView.swift */ = {isa = PBXFileReference; lastKnownFileType = sourcecode.swift; path = QRGeneratorDataView.swift; sourceTree = "<group>"; };
		E865BD722B51A94A00B886A2 /* QRGeneratorPromptView.swift */ = {isa = PBXFileReference; lastKnownFileType = sourcecode.swift; path = QRGeneratorPromptView.swift; sourceTree = "<group>"; };
		E865BD762B51A96E00B886A2 /* OutputView.swift */ = {isa = PBXFileReference; lastKnownFileType = sourcecode.swift; path = OutputView.swift; sourceTree = "<group>"; };
		E865BD7F2B527C0D00B886A2 /* AnalyticsCell.swift */ = {isa = PBXFileReference; lastKnownFileType = sourcecode.swift; path = AnalyticsCell.swift; sourceTree = "<group>"; };
		E8881B172B5152C20002B434 /* Magic QR.app */ = {isa = PBXFileReference; explicitFileType = wrapper.application; includeInIndex = 0; path = "Magic QR.app"; sourceTree = BUILT_PRODUCTS_DIR; };
		E8881B1A2B5152C20002B434 /* AppDelegate.swift */ = {isa = PBXFileReference; lastKnownFileType = sourcecode.swift; path = AppDelegate.swift; sourceTree = "<group>"; };
		E8881B1C2B5152C20002B434 /* SceneDelegate.swift */ = {isa = PBXFileReference; lastKnownFileType = sourcecode.swift; path = SceneDelegate.swift; sourceTree = "<group>"; };
		E8881B1E2B5152C20002B434 /* RootViewController.swift */ = {isa = PBXFileReference; lastKnownFileType = sourcecode.swift; path = RootViewController.swift; sourceTree = "<group>"; };
		E8881B212B5152C20002B434 /* Base */ = {isa = PBXFileReference; lastKnownFileType = file.storyboard; name = Base; path = Base.lproj/Main.storyboard; sourceTree = "<group>"; };
		E8881B232B5152C30002B434 /* Assets.xcassets */ = {isa = PBXFileReference; lastKnownFileType = folder.assetcatalog; path = Assets.xcassets; sourceTree = "<group>"; };
		E8881B262B5152C30002B434 /* Base */ = {isa = PBXFileReference; lastKnownFileType = file.storyboard; name = Base; path = Base.lproj/LaunchScreen.storyboard; sourceTree = "<group>"; };
		E8881B282B5152C30002B434 /* Info.plist */ = {isa = PBXFileReference; lastKnownFileType = text.plist.xml; path = Info.plist; sourceTree = "<group>"; };
		E8881B2D2B5152C30002B434 /* Magic QRTests.xctest */ = {isa = PBXFileReference; explicitFileType = wrapper.cfbundle; includeInIndex = 0; path = "Magic QRTests.xctest"; sourceTree = BUILT_PRODUCTS_DIR; };
		E8881B312B5152C30002B434 /* Magic_QRTests.swift */ = {isa = PBXFileReference; lastKnownFileType = sourcecode.swift; path = Magic_QRTests.swift; sourceTree = "<group>"; };
		E8881B372B5152C30002B434 /* Magic QRUITests.xctest */ = {isa = PBXFileReference; explicitFileType = wrapper.cfbundle; includeInIndex = 0; path = "Magic QRUITests.xctest"; sourceTree = BUILT_PRODUCTS_DIR; };
		E8881B3B2B5152C30002B434 /* Magic_QRUITests.swift */ = {isa = PBXFileReference; lastKnownFileType = sourcecode.swift; path = Magic_QRUITests.swift; sourceTree = "<group>"; };
		E8881B3D2B5152C30002B434 /* Magic_QRUITestsLaunchTests.swift */ = {isa = PBXFileReference; lastKnownFileType = sourcecode.swift; path = Magic_QRUITestsLaunchTests.swift; sourceTree = "<group>"; };
/* End PBXFileReference section */

/* Begin PBXFrameworksBuildPhase section */
		E8881B142B5152C20002B434 /* Frameworks */ = {
			isa = PBXFrameworksBuildPhase;
			buildActionMask = 2147483647;
			files = (
			);
			runOnlyForDeploymentPostprocessing = 0;
		};
		E8881B2A2B5152C30002B434 /* Frameworks */ = {
			isa = PBXFrameworksBuildPhase;
			buildActionMask = 2147483647;
			files = (
			);
			runOnlyForDeploymentPostprocessing = 0;
		};
		E8881B342B5152C30002B434 /* Frameworks */ = {
			isa = PBXFrameworksBuildPhase;
			buildActionMask = 2147483647;
			files = (
			);
			runOnlyForDeploymentPostprocessing = 0;
		};
/* End PBXFrameworksBuildPhase section */

/* Begin PBXGroup section */
		E865BD092B51598200B886A2 /* Application */ = {
			isa = PBXGroup;
			children = (
				E8881B252B5152C30002B434 /* LaunchScreen.storyboard */,
				E8881B202B5152C20002B434 /* Main.storyboard */,
				E8881B1C2B5152C20002B434 /* SceneDelegate.swift */,
				E8881B1E2B5152C20002B434 /* RootViewController.swift */,
				E8881B1A2B5152C20002B434 /* AppDelegate.swift */,
			);
			path = Application;
			sourceTree = "<group>";
		};
		E865BD1A2B515B2300B886A2 /* QR Generator */ = {
			isa = PBXGroup;
			children = (
				E865BD1B2B515B4000B886A2 /* Model */,
				E865BD1D2B515B6600B886A2 /* View */,
				E865BD1C2B515B5200B886A2 /* ViewModel */,
			);
			path = "QR Generator";
			sourceTree = "<group>";
		};
		E865BD1B2B515B4000B886A2 /* Model */ = {
			isa = PBXGroup;
			children = (
				E865BD0A2B515A1B00B886A2 /* QRGeneratorModel.swift */,
			);
			path = Model;
			sourceTree = "<group>";
		};
		E865BD1C2B515B5200B886A2 /* ViewModel */ = {
			isa = PBXGroup;
			children = (
				E865BD0E2B515A7200B886A2 /* QRGeneratorViewModel.swift */,
			);
			path = ViewModel;
			sourceTree = "<group>";
		};
		E865BD1D2B515B6600B886A2 /* View */ = {
			isa = PBXGroup;
			children = (
				E865BD162B515B1100B886A2 /* QRGeneratorView.swift */,
				E865BD6E2B51A93200B886A2 /* QRGeneratorDataView.swift */,
				E865BD722B51A94A00B886A2 /* QRGeneratorPromptView.swift */,
				E865BD762B51A96E00B886A2 /* OutputView.swift */,
			);
			path = View;
			sourceTree = "<group>";
		};
		E865BD1E2B515B8800B886A2 /* UI */ = {
			isa = PBXGroup;
			children = (
				E865BD3F2B515D8C00B886A2 /* Home Page */,
				E865BD2F2B515CF300B886A2 /* Analytics */,
				E865BD1A2B515B2300B886A2 /* QR Generator */,
				E865BD542B51725C00B886A2 /* History */,
				E865BD1F2B515B9800B886A2 /* User Profile */,
			);
			path = UI;
			sourceTree = "<group>";
		};
		E865BD1F2B515B9800B886A2 /* User Profile */ = {
			isa = PBXGroup;
			children = (
				E865BD202B515BBB00B886A2 /* Model */,
				E865BD222B515BC800B886A2 /* View */,
				E865BD212B515BC000B886A2 /* ViewModel */,
			);
			path = "User Profile";
			sourceTree = "<group>";
		};
		E865BD202B515BBB00B886A2 /* Model */ = {
			isa = PBXGroup;
			children = (
				E865BD272B515C0000B886A2 /* UserProfileModel.swift */,
			);
			path = Model;
			sourceTree = "<group>";
		};
		E865BD212B515BC000B886A2 /* ViewModel */ = {
			isa = PBXGroup;
			children = (
				E865BD2B2B515C1600B886A2 /* UserProfileViewModel.swift */,
			);
			path = ViewModel;
			sourceTree = "<group>";
		};
		E865BD222B515BC800B886A2 /* View */ = {
			isa = PBXGroup;
			children = (
				E865BD232B515BEB00B886A2 /* UserProfileView.swift */,
			);
			path = View;
			sourceTree = "<group>";
		};
		E865BD2F2B515CF300B886A2 /* Analytics */ = {
			isa = PBXGroup;
			children = (
				E865BD302B515D1400B886A2 /* Model */,
				E865BD322B515D2A00B886A2 /* View */,
				E865BD312B515D2100B886A2 /* ViewModel */,
			);
			path = Analytics;
			sourceTree = "<group>";
		};
		E865BD302B515D1400B886A2 /* Model */ = {
			isa = PBXGroup;
			children = (
				E865BD332B515D3E00B886A2 /* AnalyticsModel.swift */,
			);
			path = Model;
			sourceTree = "<group>";
		};
		E865BD312B515D2100B886A2 /* ViewModel */ = {
			isa = PBXGroup;
			children = (
				E865BD372B515D4E00B886A2 /* AnalyticsViewModel.swift */,
			);
			path = ViewModel;
			sourceTree = "<group>";
		};
		E865BD322B515D2A00B886A2 /* View */ = {
			isa = PBXGroup;
			children = (
				E865BD3B2B515D7400B886A2 /* AnalyticsView.swift */,
				E865BD7F2B527C0D00B886A2 /* AnalyticsCell.swift */,
			);
			path = View;
			sourceTree = "<group>";
		};
		E865BD3F2B515D8C00B886A2 /* Home Page */ = {
			isa = PBXGroup;
			children = (
				E865BD402B515DB400B886A2 /* Model */,
				E865BD422B515DC700B886A2 /* View */,
				E865BD412B515DBB00B886A2 /* ViewModel */,
			);
			path = "Home Page";
			sourceTree = "<group>";
		};
		E865BD402B515DB400B886A2 /* Model */ = {
			isa = PBXGroup;
			children = (
				E865BD432B515E0A00B886A2 /* HomePageModel.swift */,
			);
			path = Model;
			sourceTree = "<group>";
		};
		E865BD412B515DBB00B886A2 /* ViewModel */ = {
			isa = PBXGroup;
			children = (
				E865BD4B2B515E2D00B886A2 /* HomePageViewModel.swift */,
			);
			path = ViewModel;
			sourceTree = "<group>";
		};
		E865BD422B515DC700B886A2 /* View */ = {
			isa = PBXGroup;
			children = (
				E865BD472B515E1D00B886A2 /* HomePageView.swift */,
			);
			path = View;
			sourceTree = "<group>";
		};
		E865BD4F2B515EC200B886A2 /* Managers */ = {
			isa = PBXGroup;
			children = (
				E865BD6B2B519B5000B886A2 /* Network */,
				E865BD532B515F4E00B886A2 /* File */,
				E865BD522B515F3200B886A2 /* Storage */,
			);
			path = Managers;
			sourceTree = "<group>";
		};
		E865BD512B515EFC00B886A2 /* Environment */ = {
			isa = PBXGroup;
			children = (
				E865BD052B51569800B886A2 /* Production.plist */,
				E865BD072B5156AB00B886A2 /* Development.plist */,
			);
			path = Environment;
			sourceTree = "<group>";
		};
		E865BD522B515F3200B886A2 /* Storage */ = {
			isa = PBXGroup;
			children = (
			);
			path = Storage;
			sourceTree = "<group>";
		};
		E865BD532B515F4E00B886A2 /* File */ = {
			isa = PBXGroup;
			children = (
			);
			path = File;
			sourceTree = "<group>";
		};
		E865BD542B51725C00B886A2 /* History */ = {
			isa = PBXGroup;
			children = (
				E865BD572B51728600B886A2 /* Model */,
				E865BD562B51727F00B886A2 /* View */,
				E865BD552B51726D00B886A2 /* ViewModel */,
			);
			path = History;
			sourceTree = "<group>";
		};
		E865BD552B51726D00B886A2 /* ViewModel */ = {
			isa = PBXGroup;
			children = (
				E865BD602B51739700B886A2 /* HistoryViewModel.swift */,
			);
			path = ViewModel;
			sourceTree = "<group>";
		};
		E865BD562B51727F00B886A2 /* View */ = {
			isa = PBXGroup;
			children = (
				E865BD5C2B51736D00B886A2 /* HistoryView.swift */,
			);
			path = View;
			sourceTree = "<group>";
		};
		E865BD572B51728600B886A2 /* Model */ = {
			isa = PBXGroup;
			children = (
				E865BD582B51729E00B886A2 /* HistoryModel.swift */,
			);
			path = Model;
			sourceTree = "<group>";
		};
		E865BD6B2B519B5000B886A2 /* Network */ = {
			isa = PBXGroup;
			children = (
				E865BD6C2B519B9800B886A2 /* NetworkManager.swift */,
			);
			path = Network;
			sourceTree = "<group>";
		};
		E8881B0E2B5152C20002B434 = {
			isa = PBXGroup;
			children = (
				E865BD682B5197B200B886A2 /* .gitignore */,
				E865BD512B515EFC00B886A2 /* Environment */,
				E8881B192B5152C20002B434 /* Magic QR */,
				E8881B302B5152C30002B434 /* Magic QRTests */,
				E8881B3A2B5152C30002B434 /* Magic QRUITests */,
				E8881B182B5152C20002B434 /* Products */,
			);
			sourceTree = "<group>";
		};
		E8881B182B5152C20002B434 /* Products */ = {
			isa = PBXGroup;
			children = (
				E8881B172B5152C20002B434 /* Magic QR.app */,
				E8881B2D2B5152C30002B434 /* Magic QRTests.xctest */,
				E8881B372B5152C30002B434 /* Magic QRUITests.xctest */,
			);
			name = Products;
			sourceTree = "<group>";
		};
		E8881B192B5152C20002B434 /* Magic QR */ = {
			isa = PBXGroup;
			children = (
				E865BD4F2B515EC200B886A2 /* Managers */,
				E865BD1E2B515B8800B886A2 /* UI */,
				E865BD092B51598200B886A2 /* Application */,
				E8881B232B5152C30002B434 /* Assets.xcassets */,
				E8881B282B5152C30002B434 /* Info.plist */,
			);
			path = "Magic QR";
			sourceTree = "<group>";
		};
		E8881B302B5152C30002B434 /* Magic QRTests */ = {
			isa = PBXGroup;
			children = (
				E8881B312B5152C30002B434 /* Magic_QRTests.swift */,
			);
			path = "Magic QRTests";
			sourceTree = "<group>";
		};
		E8881B3A2B5152C30002B434 /* Magic QRUITests */ = {
			isa = PBXGroup;
			children = (
				E8881B3B2B5152C30002B434 /* Magic_QRUITests.swift */,
				E8881B3D2B5152C30002B434 /* Magic_QRUITestsLaunchTests.swift */,
			);
			path = "Magic QRUITests";
			sourceTree = "<group>";
		};
/* End PBXGroup section */

/* Begin PBXNativeTarget section */
		E8881B162B5152C20002B434 /* Magic QR */ = {
			isa = PBXNativeTarget;
			buildConfigurationList = E8881B412B5152C30002B434 /* Build configuration list for PBXNativeTarget "Magic QR" */;
			buildPhases = (
				E8881B132B5152C20002B434 /* Sources */,
				E8881B142B5152C20002B434 /* Frameworks */,
				E8881B152B5152C20002B434 /* Resources */,
			);
			buildRules = (
			);
			dependencies = (
			);
			name = "Magic QR";
			productName = "Magic QR";
			productReference = E8881B172B5152C20002B434 /* Magic QR.app */;
			productType = "com.apple.product-type.application";
		};
		E8881B2C2B5152C30002B434 /* Magic QRTests */ = {
			isa = PBXNativeTarget;
			buildConfigurationList = E8881B442B5152C30002B434 /* Build configuration list for PBXNativeTarget "Magic QRTests" */;
			buildPhases = (
				E8881B292B5152C30002B434 /* Sources */,
				E8881B2A2B5152C30002B434 /* Frameworks */,
				E8881B2B2B5152C30002B434 /* Resources */,
			);
			buildRules = (
			);
			dependencies = (
				E8881B2F2B5152C30002B434 /* PBXTargetDependency */,
			);
			name = "Magic QRTests";
			productName = "Magic QRTests";
			productReference = E8881B2D2B5152C30002B434 /* Magic QRTests.xctest */;
			productType = "com.apple.product-type.bundle.unit-test";
		};
		E8881B362B5152C30002B434 /* Magic QRUITests */ = {
			isa = PBXNativeTarget;
			buildConfigurationList = E8881B472B5152C30002B434 /* Build configuration list for PBXNativeTarget "Magic QRUITests" */;
			buildPhases = (
				E8881B332B5152C30002B434 /* Sources */,
				E8881B342B5152C30002B434 /* Frameworks */,
				E8881B352B5152C30002B434 /* Resources */,
			);
			buildRules = (
			);
			dependencies = (
				E8881B392B5152C30002B434 /* PBXTargetDependency */,
			);
			name = "Magic QRUITests";
			productName = "Magic QRUITests";
			productReference = E8881B372B5152C30002B434 /* Magic QRUITests.xctest */;
			productType = "com.apple.product-type.bundle.ui-testing";
		};
/* End PBXNativeTarget section */

/* Begin PBXProject section */
		E8881B0F2B5152C20002B434 /* Project object */ = {
			isa = PBXProject;
			attributes = {
				BuildIndependentTargetsInParallel = 1;
				LastSwiftUpdateCheck = 1500;
				LastUpgradeCheck = 1500;
				TargetAttributes = {
					E8881B162B5152C20002B434 = {
						CreatedOnToolsVersion = 15.0;
					};
					E8881B2C2B5152C30002B434 = {
						CreatedOnToolsVersion = 15.0;
						TestTargetID = E8881B162B5152C20002B434;
					};
					E8881B362B5152C30002B434 = {
						CreatedOnToolsVersion = 15.0;
						TestTargetID = E8881B162B5152C20002B434;
					};
				};
			};
			buildConfigurationList = E8881B122B5152C20002B434 /* Build configuration list for PBXProject "Magic QR" */;
			compatibilityVersion = "Xcode 14.0";
			developmentRegion = en;
			hasScannedForEncodings = 0;
			knownRegions = (
				en,
				Base,
			);
			mainGroup = E8881B0E2B5152C20002B434;
			productRefGroup = E8881B182B5152C20002B434 /* Products */;
			projectDirPath = "";
			projectRoot = "";
			targets = (
				E8881B162B5152C20002B434 /* Magic QR */,
				E8881B2C2B5152C30002B434 /* Magic QRTests */,
				E8881B362B5152C30002B434 /* Magic QRUITests */,
			);
		};
/* End PBXProject section */

/* Begin PBXResourcesBuildPhase section */
		E8881B152B5152C20002B434 /* Resources */ = {
			isa = PBXResourcesBuildPhase;
			buildActionMask = 2147483647;
			files = (
				E8881B272B5152C30002B434 /* LaunchScreen.storyboard in Resources */,
				E865BD062B51569800B886A2 /* Production.plist in Resources */,
				E8881B242B5152C30002B434 /* Assets.xcassets in Resources */,
				E8881B222B5152C20002B434 /* Main.storyboard in Resources */,
				E865BD692B5197B200B886A2 /* .gitignore in Resources */,
				E865BD082B5156AB00B886A2 /* Development.plist in Resources */,
			);
			runOnlyForDeploymentPostprocessing = 0;
		};
		E8881B2B2B5152C30002B434 /* Resources */ = {
			isa = PBXResourcesBuildPhase;
			buildActionMask = 2147483647;
			files = (
			);
			runOnlyForDeploymentPostprocessing = 0;
		};
		E8881B352B5152C30002B434 /* Resources */ = {
			isa = PBXResourcesBuildPhase;
			buildActionMask = 2147483647;
			files = (
			);
			runOnlyForDeploymentPostprocessing = 0;
		};
/* End PBXResourcesBuildPhase section */

/* Begin PBXSourcesBuildPhase section */
		E8881B132B5152C20002B434 /* Sources */ = {
			isa = PBXSourcesBuildPhase;
			buildActionMask = 2147483647;
			files = (
				E865BD6D2B519B9800B886A2 /* NetworkManager.swift in Sources */,
				E865BD592B51729E00B886A2 /* HistoryModel.swift in Sources */,
				E865BD732B51A94A00B886A2 /* QRGeneratorPromptView.swift in Sources */,
				E865BD772B51A96E00B886A2 /* OutputView.swift in Sources */,
				E865BD612B51739700B886A2 /* HistoryViewModel.swift in Sources */,
				E865BD802B527C0D00B886A2 /* AnalyticsCell.swift in Sources */,
				E865BD242B515BEB00B886A2 /* UserProfileView.swift in Sources */,
				E865BD442B515E0A00B886A2 /* HomePageModel.swift in Sources */,
				E865BD382B515D4E00B886A2 /* AnalyticsViewModel.swift in Sources */,
				E865BD0B2B515A1B00B886A2 /* QRGeneratorModel.swift in Sources */,
				E865BD282B515C0000B886A2 /* UserProfileModel.swift in Sources */,
				E8881B1F2B5152C20002B434 /* RootViewController.swift in Sources */,
				E8881B1B2B5152C20002B434 /* AppDelegate.swift in Sources */,
				E865BD172B515B1100B886A2 /* QRGeneratorView.swift in Sources */,
				E865BD342B515D3E00B886A2 /* AnalyticsModel.swift in Sources */,
				E8881B1D2B5152C20002B434 /* SceneDelegate.swift in Sources */,
				E865BD3C2B515D7400B886A2 /* AnalyticsView.swift in Sources */,
				E865BD0F2B515A7200B886A2 /* QRGeneratorViewModel.swift in Sources */,
				E865BD6F2B51A93200B886A2 /* QRGeneratorDataView.swift in Sources */,
				E865BD482B515E1D00B886A2 /* HomePageView.swift in Sources */,
				E865BD2C2B515C1600B886A2 /* UserProfileViewModel.swift in Sources */,
				E865BD5D2B51736D00B886A2 /* HistoryView.swift in Sources */,
				E865BD4C2B515E2D00B886A2 /* HomePageViewModel.swift in Sources */,
			);
			runOnlyForDeploymentPostprocessing = 0;
		};
		E8881B292B5152C30002B434 /* Sources */ = {
			isa = PBXSourcesBuildPhase;
			buildActionMask = 2147483647;
			files = (
				E865BD352B515D3E00B886A2 /* AnalyticsModel.swift in Sources */,
				E865BD252B515BEB00B886A2 /* UserProfileView.swift in Sources */,
				E865BD0C2B515A1B00B886A2 /* QRGeneratorModel.swift in Sources */,
				E865BD3D2B515D7400B886A2 /* AnalyticsView.swift in Sources */,
				E865BD702B51A93200B886A2 /* QRGeneratorDataView.swift in Sources */,
				E865BD4D2B515E2D00B886A2 /* HomePageViewModel.swift in Sources */,
				E865BD812B527C0D00B886A2 /* AnalyticsCell.swift in Sources */,
				E865BD182B515B1100B886A2 /* QRGeneratorView.swift in Sources */,
				E865BD2D2B515C1600B886A2 /* UserProfileViewModel.swift in Sources */,
				E865BD5E2B51736D00B886A2 /* HistoryView.swift in Sources */,
				E865BD392B515D4E00B886A2 /* AnalyticsViewModel.swift in Sources */,
				E865BD102B515A7200B886A2 /* QRGeneratorViewModel.swift in Sources */,
				E865BD452B515E0A00B886A2 /* HomePageModel.swift in Sources */,
				E865BD292B515C0000B886A2 /* UserProfileModel.swift in Sources */,
				E865BD492B515E1D00B886A2 /* HomePageView.swift in Sources */,
				E865BD5A2B51729E00B886A2 /* HistoryModel.swift in Sources */,
				E8881B322B5152C30002B434 /* Magic_QRTests.swift in Sources */,
				E865BD782B51A96E00B886A2 /* OutputView.swift in Sources */,
				E865BD622B51739700B886A2 /* HistoryViewModel.swift in Sources */,
				E865BD742B51A94A00B886A2 /* QRGeneratorPromptView.swift in Sources */,
			);
			runOnlyForDeploymentPostprocessing = 0;
		};
		E8881B332B5152C30002B434 /* Sources */ = {
			isa = PBXSourcesBuildPhase;
			buildActionMask = 2147483647;
			files = (
				E8881B3E2B5152C30002B434 /* Magic_QRUITestsLaunchTests.swift in Sources */,
				E865BD4A2B515E1D00B886A2 /* HomePageView.swift in Sources */,
				E865BD4E2B515E2D00B886A2 /* HomePageViewModel.swift in Sources */,
				E865BD2E2B515C1600B886A2 /* UserProfileViewModel.swift in Sources */,
				E865BD632B51739700B886A2 /* HistoryViewModel.swift in Sources */,
				E865BD262B515BEB00B886A2 /* UserProfileView.swift in Sources */,
				E865BD2A2B515C0000B886A2 /* UserProfileModel.swift in Sources */,
				E865BD362B515D3E00B886A2 /* AnalyticsModel.swift in Sources */,
				E865BD3E2B515D7400B886A2 /* AnalyticsView.swift in Sources */,
				E865BD712B51A93200B886A2 /* QRGeneratorDataView.swift in Sources */,
				E865BD0D2B515A1B00B886A2 /* QRGeneratorModel.swift in Sources */,
				E865BD5F2B51736D00B886A2 /* HistoryView.swift in Sources */,
				E865BD192B515B1100B886A2 /* QRGeneratorView.swift in Sources */,
				E8881B3C2B5152C30002B434 /* Magic_QRUITests.swift in Sources */,
				E865BD5B2B51729E00B886A2 /* HistoryModel.swift in Sources */,
				E865BD822B527C0D00B886A2 /* AnalyticsCell.swift in Sources */,
				E865BD792B51A96E00B886A2 /* OutputView.swift in Sources */,
				E865BD752B51A94A00B886A2 /* QRGeneratorPromptView.swift in Sources */,
				E865BD462B515E0A00B886A2 /* HomePageModel.swift in Sources */,
				E865BD112B515A7200B886A2 /* QRGeneratorViewModel.swift in Sources */,
				E865BD3A2B515D4E00B886A2 /* AnalyticsViewModel.swift in Sources */,
			);
			runOnlyForDeploymentPostprocessing = 0;
		};
/* End PBXSourcesBuildPhase section */

/* Begin PBXTargetDependency section */
		E8881B2F2B5152C30002B434 /* PBXTargetDependency */ = {
			isa = PBXTargetDependency;
			target = E8881B162B5152C20002B434 /* Magic QR */;
			targetProxy = E8881B2E2B5152C30002B434 /* PBXContainerItemProxy */;
		};
		E8881B392B5152C30002B434 /* PBXTargetDependency */ = {
			isa = PBXTargetDependency;
			target = E8881B162B5152C20002B434 /* Magic QR */;
			targetProxy = E8881B382B5152C30002B434 /* PBXContainerItemProxy */;
		};
/* End PBXTargetDependency section */

/* Begin PBXVariantGroup section */
		E8881B202B5152C20002B434 /* Main.storyboard */ = {
			isa = PBXVariantGroup;
			children = (
				E8881B212B5152C20002B434 /* Base */,
			);
			name = Main.storyboard;
			sourceTree = "<group>";
		};
		E8881B252B5152C30002B434 /* LaunchScreen.storyboard */ = {
			isa = PBXVariantGroup;
			children = (
				E8881B262B5152C30002B434 /* Base */,
			);
			name = LaunchScreen.storyboard;
			sourceTree = "<group>";
		};
/* End PBXVariantGroup section */

/* Begin XCBuildConfiguration section */
		E8881B3F2B5152C30002B434 /* Debug */ = {
			isa = XCBuildConfiguration;
			buildSettings = {
				ALWAYS_SEARCH_USER_PATHS = NO;
				ASSETCATALOG_COMPILER_GENERATE_SWIFT_ASSET_SYMBOL_EXTENSIONS = YES;
				CLANG_ANALYZER_NONNULL = YES;
				CLANG_ANALYZER_NUMBER_OBJECT_CONVERSION = YES_AGGRESSIVE;
				CLANG_CXX_LANGUAGE_STANDARD = "gnu++20";
				CLANG_ENABLE_MODULES = YES;
				CLANG_ENABLE_OBJC_ARC = YES;
				CLANG_ENABLE_OBJC_WEAK = YES;
				CLANG_WARN_BLOCK_CAPTURE_AUTORELEASING = YES;
				CLANG_WARN_BOOL_CONVERSION = YES;
				CLANG_WARN_COMMA = YES;
				CLANG_WARN_CONSTANT_CONVERSION = YES;
				CLANG_WARN_DEPRECATED_OBJC_IMPLEMENTATIONS = YES;
				CLANG_WARN_DIRECT_OBJC_ISA_USAGE = YES_ERROR;
				CLANG_WARN_DOCUMENTATION_COMMENTS = YES;
				CLANG_WARN_EMPTY_BODY = YES;
				CLANG_WARN_ENUM_CONVERSION = YES;
				CLANG_WARN_INFINITE_RECURSION = YES;
				CLANG_WARN_INT_CONVERSION = YES;
				CLANG_WARN_NON_LITERAL_NULL_CONVERSION = YES;
				CLANG_WARN_OBJC_IMPLICIT_RETAIN_SELF = YES;
				CLANG_WARN_OBJC_LITERAL_CONVERSION = YES;
				CLANG_WARN_OBJC_ROOT_CLASS = YES_ERROR;
				CLANG_WARN_QUOTED_INCLUDE_IN_FRAMEWORK_HEADER = YES;
				CLANG_WARN_RANGE_LOOP_ANALYSIS = YES;
				CLANG_WARN_STRICT_PROTOTYPES = YES;
				CLANG_WARN_SUSPICIOUS_MOVE = YES;
				CLANG_WARN_UNGUARDED_AVAILABILITY = YES_AGGRESSIVE;
				CLANG_WARN_UNREACHABLE_CODE = YES;
				CLANG_WARN__DUPLICATE_METHOD_MATCH = YES;
				COPY_PHASE_STRIP = NO;
				DEBUG_INFORMATION_FORMAT = dwarf;
				ENABLE_STRICT_OBJC_MSGSEND = YES;
				ENABLE_TESTABILITY = YES;
				ENABLE_USER_SCRIPT_SANDBOXING = YES;
				GCC_C_LANGUAGE_STANDARD = gnu17;
				GCC_DYNAMIC_NO_PIC = NO;
				GCC_NO_COMMON_BLOCKS = YES;
				GCC_OPTIMIZATION_LEVEL = 0;
				GCC_PREPROCESSOR_DEFINITIONS = (
					"DEBUG=1",
					"$(inherited)",
				);
				GCC_WARN_64_TO_32_BIT_CONVERSION = YES;
				GCC_WARN_ABOUT_RETURN_TYPE = YES_ERROR;
				GCC_WARN_UNDECLARED_SELECTOR = YES;
				GCC_WARN_UNINITIALIZED_AUTOS = YES_AGGRESSIVE;
				GCC_WARN_UNUSED_FUNCTION = YES;
				GCC_WARN_UNUSED_VARIABLE = YES;
				IPHONEOS_DEPLOYMENT_TARGET = 17.0;
				LOCALIZATION_PREFERS_STRING_CATALOGS = YES;
				MTL_ENABLE_DEBUG_INFO = INCLUDE_SOURCE;
				MTL_FAST_MATH = YES;
				ONLY_ACTIVE_ARCH = YES;
				SDKROOT = iphoneos;
				SWIFT_ACTIVE_COMPILATION_CONDITIONS = "DEBUG $(inherited)";
				SWIFT_OPTIMIZATION_LEVEL = "-Onone";
			};
			name = Debug;
		};
		E8881B402B5152C30002B434 /* Release */ = {
			isa = XCBuildConfiguration;
			buildSettings = {
				ALWAYS_SEARCH_USER_PATHS = NO;
				ASSETCATALOG_COMPILER_GENERATE_SWIFT_ASSET_SYMBOL_EXTENSIONS = YES;
				CLANG_ANALYZER_NONNULL = YES;
				CLANG_ANALYZER_NUMBER_OBJECT_CONVERSION = YES_AGGRESSIVE;
				CLANG_CXX_LANGUAGE_STANDARD = "gnu++20";
				CLANG_ENABLE_MODULES = YES;
				CLANG_ENABLE_OBJC_ARC = YES;
				CLANG_ENABLE_OBJC_WEAK = YES;
				CLANG_WARN_BLOCK_CAPTURE_AUTORELEASING = YES;
				CLANG_WARN_BOOL_CONVERSION = YES;
				CLANG_WARN_COMMA = YES;
				CLANG_WARN_CONSTANT_CONVERSION = YES;
				CLANG_WARN_DEPRECATED_OBJC_IMPLEMENTATIONS = YES;
				CLANG_WARN_DIRECT_OBJC_ISA_USAGE = YES_ERROR;
				CLANG_WARN_DOCUMENTATION_COMMENTS = YES;
				CLANG_WARN_EMPTY_BODY = YES;
				CLANG_WARN_ENUM_CONVERSION = YES;
				CLANG_WARN_INFINITE_RECURSION = YES;
				CLANG_WARN_INT_CONVERSION = YES;
				CLANG_WARN_NON_LITERAL_NULL_CONVERSION = YES;
				CLANG_WARN_OBJC_IMPLICIT_RETAIN_SELF = YES;
				CLANG_WARN_OBJC_LITERAL_CONVERSION = YES;
				CLANG_WARN_OBJC_ROOT_CLASS = YES_ERROR;
				CLANG_WARN_QUOTED_INCLUDE_IN_FRAMEWORK_HEADER = YES;
				CLANG_WARN_RANGE_LOOP_ANALYSIS = YES;
				CLANG_WARN_STRICT_PROTOTYPES = YES;
				CLANG_WARN_SUSPICIOUS_MOVE = YES;
				CLANG_WARN_UNGUARDED_AVAILABILITY = YES_AGGRESSIVE;
				CLANG_WARN_UNREACHABLE_CODE = YES;
				CLANG_WARN__DUPLICATE_METHOD_MATCH = YES;
				COPY_PHASE_STRIP = NO;
				DEBUG_INFORMATION_FORMAT = "dwarf-with-dsym";
				ENABLE_NS_ASSERTIONS = NO;
				ENABLE_STRICT_OBJC_MSGSEND = YES;
				ENABLE_USER_SCRIPT_SANDBOXING = YES;
				GCC_C_LANGUAGE_STANDARD = gnu17;
				GCC_NO_COMMON_BLOCKS = YES;
				GCC_WARN_64_TO_32_BIT_CONVERSION = YES;
				GCC_WARN_ABOUT_RETURN_TYPE = YES_ERROR;
				GCC_WARN_UNDECLARED_SELECTOR = YES;
				GCC_WARN_UNINITIALIZED_AUTOS = YES_AGGRESSIVE;
				GCC_WARN_UNUSED_FUNCTION = YES;
				GCC_WARN_UNUSED_VARIABLE = YES;
				IPHONEOS_DEPLOYMENT_TARGET = 17.0;
				LOCALIZATION_PREFERS_STRING_CATALOGS = YES;
				MTL_ENABLE_DEBUG_INFO = NO;
				MTL_FAST_MATH = YES;
				SDKROOT = iphoneos;
				SWIFT_COMPILATION_MODE = wholemodule;
				VALIDATE_PRODUCT = YES;
			};
			name = Release;
		};
		E8881B422B5152C30002B434 /* Debug */ = {
			isa = XCBuildConfiguration;
			buildSettings = {
				ASSETCATALOG_COMPILER_APPICON_NAME = AppIcon;
				ASSETCATALOG_COMPILER_GLOBAL_ACCENT_COLOR_NAME = AccentColor;
				CODE_SIGN_STYLE = Automatic;
				CURRENT_PROJECT_VERSION = 1;
				DEVELOPMENT_TEAM = 4CNWJ7UXMX;
				GENERATE_INFOPLIST_FILE = YES;
				INFOPLIST_FILE = "Magic QR/Info.plist";
				INFOPLIST_KEY_UIApplicationSupportsIndirectInputEvents = YES;
				INFOPLIST_KEY_UILaunchStoryboardName = LaunchScreen;
				INFOPLIST_KEY_UIMainStoryboardFile = Main;
				INFOPLIST_KEY_UISupportedInterfaceOrientations_iPad = "UIInterfaceOrientationPortrait UIInterfaceOrientationPortraitUpsideDown UIInterfaceOrientationLandscapeLeft UIInterfaceOrientationLandscapeRight";
				INFOPLIST_KEY_UISupportedInterfaceOrientations_iPhone = "UIInterfaceOrientationPortrait UIInterfaceOrientationLandscapeLeft UIInterfaceOrientationLandscapeRight";
				LD_RUNPATH_SEARCH_PATHS = (
					"$(inherited)",
					"@executable_path/Frameworks",
				);
				MARKETING_VERSION = 1.0;
				PRODUCT_BUNDLE_IDENTIFIER = "GarikH.Magic-QR";
				PRODUCT_NAME = "$(TARGET_NAME)";
				SWIFT_EMIT_LOC_STRINGS = YES;
				SWIFT_VERSION = 5.0;
				TARGETED_DEVICE_FAMILY = "1,2";
			};
			name = Debug;
		};
		E8881B432B5152C30002B434 /* Release */ = {
			isa = XCBuildConfiguration;
			buildSettings = {
				ASSETCATALOG_COMPILER_APPICON_NAME = AppIcon;
				ASSETCATALOG_COMPILER_GLOBAL_ACCENT_COLOR_NAME = AccentColor;
				CODE_SIGN_STYLE = Automatic;
				CURRENT_PROJECT_VERSION = 1;
				DEVELOPMENT_TEAM = 4CNWJ7UXMX;
				GENERATE_INFOPLIST_FILE = YES;
				INFOPLIST_FILE = "Magic QR/Info.plist";
				INFOPLIST_KEY_UIApplicationSupportsIndirectInputEvents = YES;
				INFOPLIST_KEY_UILaunchStoryboardName = LaunchScreen;
				INFOPLIST_KEY_UIMainStoryboardFile = Main;
				INFOPLIST_KEY_UISupportedInterfaceOrientations_iPad = "UIInterfaceOrientationPortrait UIInterfaceOrientationPortraitUpsideDown UIInterfaceOrientationLandscapeLeft UIInterfaceOrientationLandscapeRight";
				INFOPLIST_KEY_UISupportedInterfaceOrientations_iPhone = "UIInterfaceOrientationPortrait UIInterfaceOrientationLandscapeLeft UIInterfaceOrientationLandscapeRight";
				LD_RUNPATH_SEARCH_PATHS = (
					"$(inherited)",
					"@executable_path/Frameworks",
				);
				MARKETING_VERSION = 1.0;
				PRODUCT_BUNDLE_IDENTIFIER = "GarikH.Magic-QR";
				PRODUCT_NAME = "$(TARGET_NAME)";
				SWIFT_EMIT_LOC_STRINGS = YES;
				SWIFT_VERSION = 5.0;
				TARGETED_DEVICE_FAMILY = "1,2";
			};
			name = Release;
		};
		E8881B452B5152C30002B434 /* Debug */ = {
			isa = XCBuildConfiguration;
			buildSettings = {
				ALWAYS_EMBED_SWIFT_STANDARD_LIBRARIES = YES;
				BUNDLE_LOADER = "$(TEST_HOST)";
				CODE_SIGN_STYLE = Automatic;
				CURRENT_PROJECT_VERSION = 1;
				DEVELOPMENT_TEAM = 4CNWJ7UXMX;
				GENERATE_INFOPLIST_FILE = YES;
				IPHONEOS_DEPLOYMENT_TARGET = 17.0;
				MARKETING_VERSION = 1.0;
				PRODUCT_BUNDLE_IDENTIFIER = "GarikH.Magic-QRTests";
				PRODUCT_NAME = "$(TARGET_NAME)";
				SWIFT_EMIT_LOC_STRINGS = NO;
				SWIFT_VERSION = 5.0;
				TARGETED_DEVICE_FAMILY = "1,2";
				TEST_HOST = "$(BUILT_PRODUCTS_DIR)/Magic QR.app/$(BUNDLE_EXECUTABLE_FOLDER_PATH)/Magic QR";
			};
			name = Debug;
		};
		E8881B462B5152C30002B434 /* Release */ = {
			isa = XCBuildConfiguration;
			buildSettings = {
				ALWAYS_EMBED_SWIFT_STANDARD_LIBRARIES = YES;
				BUNDLE_LOADER = "$(TEST_HOST)";
				CODE_SIGN_STYLE = Automatic;
				CURRENT_PROJECT_VERSION = 1;
				DEVELOPMENT_TEAM = 4CNWJ7UXMX;
				GENERATE_INFOPLIST_FILE = YES;
				IPHONEOS_DEPLOYMENT_TARGET = 17.0;
				MARKETING_VERSION = 1.0;
				PRODUCT_BUNDLE_IDENTIFIER = "GarikH.Magic-QRTests";
				PRODUCT_NAME = "$(TARGET_NAME)";
				SWIFT_EMIT_LOC_STRINGS = NO;
				SWIFT_VERSION = 5.0;
				TARGETED_DEVICE_FAMILY = "1,2";
				TEST_HOST = "$(BUILT_PRODUCTS_DIR)/Magic QR.app/$(BUNDLE_EXECUTABLE_FOLDER_PATH)/Magic QR";
			};
			name = Release;
		};
		E8881B482B5152C30002B434 /* Debug */ = {
			isa = XCBuildConfiguration;
			buildSettings = {
				ALWAYS_EMBED_SWIFT_STANDARD_LIBRARIES = YES;
				CODE_SIGN_STYLE = Automatic;
				CURRENT_PROJECT_VERSION = 1;
				DEVELOPMENT_TEAM = 4CNWJ7UXMX;
				GENERATE_INFOPLIST_FILE = YES;
				MARKETING_VERSION = 1.0;
				PRODUCT_BUNDLE_IDENTIFIER = "GarikH.Magic-QRUITests";
				PRODUCT_NAME = "$(TARGET_NAME)";
				SWIFT_EMIT_LOC_STRINGS = NO;
				SWIFT_VERSION = 5.0;
				TARGETED_DEVICE_FAMILY = "1,2";
				TEST_TARGET_NAME = "Magic QR";
			};
			name = Debug;
		};
		E8881B492B5152C30002B434 /* Release */ = {
			isa = XCBuildConfiguration;
			buildSettings = {
				ALWAYS_EMBED_SWIFT_STANDARD_LIBRARIES = YES;
				CODE_SIGN_STYLE = Automatic;
				CURRENT_PROJECT_VERSION = 1;
				DEVELOPMENT_TEAM = 4CNWJ7UXMX;
				GENERATE_INFOPLIST_FILE = YES;
				MARKETING_VERSION = 1.0;
				PRODUCT_BUNDLE_IDENTIFIER = "GarikH.Magic-QRUITests";
				PRODUCT_NAME = "$(TARGET_NAME)";
				SWIFT_EMIT_LOC_STRINGS = NO;
				SWIFT_VERSION = 5.0;
				TARGETED_DEVICE_FAMILY = "1,2";
				TEST_TARGET_NAME = "Magic QR";
			};
			name = Release;
		};
/* End XCBuildConfiguration section */

/* Begin XCConfigurationList section */
		E8881B122B5152C20002B434 /* Build configuration list for PBXProject "Magic QR" */ = {
			isa = XCConfigurationList;
			buildConfigurations = (
				E8881B3F2B5152C30002B434 /* Debug */,
				E8881B402B5152C30002B434 /* Release */,
			);
			defaultConfigurationIsVisible = 0;
			defaultConfigurationName = Release;
		};
		E8881B412B5152C30002B434 /* Build configuration list for PBXNativeTarget "Magic QR" */ = {
			isa = XCConfigurationList;
			buildConfigurations = (
				E8881B422B5152C30002B434 /* Debug */,
				E8881B432B5152C30002B434 /* Release */,
			);
			defaultConfigurationIsVisible = 0;
			defaultConfigurationName = Release;
		};
		E8881B442B5152C30002B434 /* Build configuration list for PBXNativeTarget "Magic QRTests" */ = {
			isa = XCConfigurationList;
			buildConfigurations = (
				E8881B452B5152C30002B434 /* Debug */,
				E8881B462B5152C30002B434 /* Release */,
			);
			defaultConfigurationIsVisible = 0;
			defaultConfigurationName = Release;
		};
		E8881B472B5152C30002B434 /* Build configuration list for PBXNativeTarget "Magic QRUITests" */ = {
			isa = XCConfigurationList;
			buildConfigurations = (
				E8881B482B5152C30002B434 /* Debug */,
				E8881B492B5152C30002B434 /* Release */,
			);
			defaultConfigurationIsVisible = 0;
			defaultConfigurationName = Release;
		};
/* End XCConfigurationList section */
	};
	rootObject = E8881B0F2B5152C20002B434 /* Project object */;
}
